
Microsoft Visual Studio Solution File, Format Version 12.00
# Visual Studio 2013
VisualStudioVersion = 12.0.21005.1
MinimumVisualStudioVersion = 10.0.40219.1
Project("{FAE04EC0-301F-11D3-BF4B-00C04F79EFBC}") = "SchoolDataLayer", "SchoolDataLayer\SchoolDataLayer.csproj", "{DC19D0AB-1AB9-45E4-A9D3-FDCDA99BAC31}"
EndProject
Project("{FAE04EC0-301F-11D3-BF4B-00C04F79EFBC}") = "SchoolWebSite", "SchoolWebSite\SchoolWebSite.csproj", "{E58693D2-1B47-49DD-816D-5940B19472B1}"
EndProject
Project("{FAE04EC0-301F-11D3-BF4B-00C04F79EFBC}") = "SchoolWebSite.Tests", "SchoolWebSite.Tests\SchoolWebSite.Tests.csproj", "{1BF51C08-EBD8-4DF3-9C1A-3A4D27D77A18}"
EndProject
Project("{FAE04EC0-301F-11D3-BF4B-00C04F79EFBC}") = "SchoolWebApi", "SchoolWebApi\SchoolWebApi.csproj", "{4ED162C8-24EA-445D-B9C1-A20980A61DB5}"
EndProject
Global
	GlobalSection(SolutionConfigurationPlatforms) = preSolution
		Debug|Any CPU = Debug|Any CPU
		Release|Any CPU = Release|Any CPU
	EndGlobalSection
	GlobalSection(ProjectConfigurationPlatforms) = postSolution
		{DC19D0AB-1AB9-45E4-A9D3-FDCDA99BAC31}.Debug|Any CPU.ActiveCfg = Debug|Any CPU
		{DC19D0AB-1AB9-45E4-A9D3-FDCDA99BAC31}.Debug|Any CPU.Build.0 = Debug|Any CPU
		{DC19D0AB-1AB9-45E4-A9D3-FDCDA99BAC31}.Release|Any CPU.ActiveCfg = Release|Any CPU
		{DC19D0AB-1AB9-45E4-A9D3-FDCDA99BAC31}.Release|Any CPU.Build.0 = Release|Any CPU
		{E58693D2-1B47-49DD-816D-5940B19472B1}.Debug|Any CPU.ActiveCfg = Debug|Any CPU
		{E58693D2-1B47-49DD-816D-5940B19472B1}.Debug|Any CPU.Build.0 = Debug|Any CPU
		{E58693D2-1B47-49DD-816D-5940B19472B1}.Release|Any CPU.ActiveCfg = Release|Any CPU
		{E58693D2-1B47-49DD-816D-5940B19472B1}.Release|Any CPU.Build.0 = Release|Any CPU
		{1BF51C08-EBD8-4DF3-9C1A-3A4D27D77A18}.Debug|Any CPU.ActiveCfg = Debug|Any CPU
		{1BF51C08-EBD8-4DF3-9C1A-3A4D27D77A18}.Debug|Any CPU.Build.0 = Debug|Any CPU
		{1BF51C08-EBD8-4DF3-9C1A-3A4D27D77A18}.Release|Any CPU.ActiveCfg = Release|Any CPU
		{1BF51C08-EBD8-4DF3-9C1A-3A4D27D77A18}.Release|Any CPU.Build.0 = Release|Any CPU
		{4ED162C8-24EA-445D-B9C1-A20980A61DB5}.Debug|Any CPU.ActiveCfg = Debug|Any CPU
		{4ED162C8-24EA-445D-B9C1-A20980A61DB5}.Debug|Any CPU.Build.0 = Debug|Any CPU
		{4ED162C8-24EA-445D-B9C1-A20980A61DB5}.Release|Any CPU.ActiveCfg = Release|Any CPU
		{4ED162C8-24EA-445D-B9C1-A20980A61DB5}.Release|Any CPU.Build.0 = Release|Any CPU
	EndGlobalSection
	GlobalSection(SolutionProperties) = preSolution
		HideSolutionNode = FALSE
	EndGlobalSection
EndGlobal
