
Microsoft Visual Studio Solution File, Format Version 12.00
# Visual Studio 2013
VisualStudioVersion = 12.0.21005.1
MinimumVisualStudioVersion = 10.0.40219.1
Project("{FAE04EC0-301F-11D3-BF4B-00C04F79EFBC}") = "GeoBase", "SinglePageApp\GeoBase.csproj", "{80CCB312-6FC4-49C1-B90E-F4DC2D77330A}"
EndProject
Project("{FAE04EC0-301F-11D3-BF4B-00C04F79EFBC}") = "GeoBase.Tests", "SinglePageApp.Tests\GeoBase.Tests.csproj", "{BC784E16-B29C-4B9D-86C2-B2CFF90F0631}"
EndProject
Project("{FAE04EC0-301F-11D3-BF4B-00C04F79EFBC}") = "DataLayer", "DataLayer\DataLayer.csproj", "{A32DDAC1-E98F-48E0-83A1-3A3CD3011726}"
EndProject
Global
	GlobalSection(SolutionConfigurationPlatforms) = preSolution
		Debug|Any CPU = Debug|Any CPU
		Release|Any CPU = Release|Any CPU
	EndGlobalSection
	GlobalSection(ProjectConfigurationPlatforms) = postSolution
		{80CCB312-6FC4-49C1-B90E-F4DC2D77330A}.Debug|Any CPU.ActiveCfg = Debug|Any CPU
		{80CCB312-6FC4-49C1-B90E-F4DC2D77330A}.Debug|Any CPU.Build.0 = Debug|Any CPU
		{80CCB312-6FC4-49C1-B90E-F4DC2D77330A}.Release|Any CPU.ActiveCfg = Release|Any CPU
		{80CCB312-6FC4-49C1-B90E-F4DC2D77330A}.Release|Any CPU.Build.0 = Release|Any CPU
		{BC784E16-B29C-4B9D-86C2-B2CFF90F0631}.Debug|Any CPU.ActiveCfg = Debug|Any CPU
		{BC784E16-B29C-4B9D-86C2-B2CFF90F0631}.Debug|Any CPU.Build.0 = Debug|Any CPU
		{BC784E16-B29C-4B9D-86C2-B2CFF90F0631}.Release|Any CPU.ActiveCfg = Release|Any CPU
		{BC784E16-B29C-4B9D-86C2-B2CFF90F0631}.Release|Any CPU.Build.0 = Release|Any CPU
		{A32DDAC1-E98F-48E0-83A1-3A3CD3011726}.Debug|Any CPU.ActiveCfg = Debug|Any CPU
		{A32DDAC1-E98F-48E0-83A1-3A3CD3011726}.Debug|Any CPU.Build.0 = Debug|Any CPU
		{A32DDAC1-E98F-48E0-83A1-3A3CD3011726}.Release|Any CPU.ActiveCfg = Release|Any CPU
		{A32DDAC1-E98F-48E0-83A1-3A3CD3011726}.Release|Any CPU.Build.0 = Release|Any CPU
	EndGlobalSection
	GlobalSection(SolutionProperties) = preSolution
		HideSolutionNode = FALSE
	EndGlobalSection
EndGlobal
